{
  "name": "@gridsome/source-contentful",
  "version": "0.2.1",
  "lockfileVersion": 1,
  "requires": true,
  "dependencies": {
    "@contentful/axios": {
      "version": "0.18.0",
      "resolved": "https://registry.npmjs.org/@contentful/axios/-/axios-0.18.0.tgz",
      "integrity": "sha512-4r4Ww1IJlmRolKgovLTTmdS6CsdvXYVxgXRFwWSh1x36T/0Wg9kTwdaVaApZXcv1DfYyw9RSNdxIGSwTP2/Lag==",
      "requires": {
        "follow-redirects": "1.6.1",
        "is-buffer": "1.1.6"
      }
    },
    "@contentful/rich-text-html-renderer": {
      "version": "13.1.0",
      "resolved": "https://registry.npmjs.org/@contentful/rich-text-html-renderer/-/rich-text-html-renderer-13.1.0.tgz",
      "integrity": "sha512-4E6O7cYO+6v3fQrBM9Bu/X9QXfNmH/DZevypw+UOJZyUfbYDA9KsPdXKa04hjnc3fMlBW0Kss33wj9DsaCap2g==",
      "requires": {
        "@contentful/rich-text-types": "13.1.0",
        "escape-html": "1.0.3"
      }
    },
    "@contentful/rich-text-types": {
      "version": "13.1.0",
      "resolved": "https://registry.npmjs.org/@contentful/rich-text-types/-/rich-text-types-13.1.0.tgz",
      "integrity": "sha512-/fwELDysqdZdhTW9tLUOtpoBnlaI6WVxtrrmB+lAbYkoC7G9NVaOPwxXqwYidgTl9I1ZJGfU/ZEr8GDyUIcZWg=="
    },
    "contentful": {
      "version": "6.1.3",
      "resolved": "https://registry.npmjs.org/contentful/-/contentful-6.1.3.tgz",
      "integrity": "sha512-uf4MQey/aP/buRo4oCuyIfSD/r+ruxDyXN2z/n0XCi7s2x5NjKiKbbRIjRiYu5ylNiAvc+smLIXBooujtmqWEw==",
      "requires": {
        "@contentful/axios": "0.18.0",
        "contentful-resolve-response": "1.1.4",
        "contentful-sdk-core": "6.1.0",
        "json-stringify-safe": "5.0.1",
        "lodash": "4.17.11"
      }
    },
    "contentful-resolve-response": {
      "version": "1.1.4",
      "resolved": "https://registry.npmjs.org/contentful-resolve-response/-/contentful-resolve-response-1.1.4.tgz",
      "integrity": "sha512-oFq6n6zjbiwD9/7mBa8YHPwvPM0B0D4uOgg1n/rVzpQPhCrzeIixNj6fbJAbDiJt05rZqxiY3K1Db7pPRhRaZw==",
      "requires": {
        "lodash": "4.17.11"
      }
    },
    "contentful-sdk-core": {
      "version": "6.1.0",
      "resolved": "https://registry.npmjs.org/contentful-sdk-core/-/contentful-sdk-core-6.1.0.tgz",
      "integrity": "sha512-nWZdY0iXVEut718corHDYISUA+X5IjTVy5Cyo9akE7kQYDkMVo5nN40XxR5AlOggg5A/3PWzBuBlwaqTZFdQcg==",
      "requires": {
        "lodash": "4.17.11",
        "qs": "6.6.0"
      }
    },
    "debug": {
      "version": "3.1.0",
      "resolved": "https://registry.npmjs.org/debug/-/debug-3.1.0.tgz",
      "integrity": "sha512-OX8XqP7/1a9cqkxYw2yXss15f26NKWBpDXQd0/uK/KPqdQhxbPa994hnzjcE2VqQpDslf55723cKPUOGSmMY3g==",
      "requires": {
        "ms": "2.0.0"
      }
    },
    "escape-html": {
      "version": "1.0.3",
      "resolved": "https://registry.npmjs.org/escape-html/-/escape-html-1.0.3.tgz",
      "integrity": "sha1-Aljq5NPQwJdN4cFpGI7wBR0dGYg="
    },
    "follow-redirects": {
      "version": "1.6.1",
      "resolved": "https://registry.npmjs.org/follow-redirects/-/follow-redirects-1.6.1.tgz",
      "integrity": "sha512-t2JCjbzxQpWvbhts3l6SH1DKzSrx8a+SsaVf4h6bG4kOXUuPYS/kg2Lr4gQSb7eemaHqJkOThF1BGyjlUkO1GQ==",
      "requires": {
        "debug": "3.1.0"
      }
    },
    "is-buffer": {
      "version": "1.1.6",
      "resolved": "https://registry.npmjs.org/is-buffer/-/is-buffer-1.1.6.tgz",
      "integrity": "sha512-NcdALwpXkTm5Zvvbk7owOUSvVvBKDgKP5/ewfXEznmQFfs4ZRmanOeKBTjRVjka3QFoN6XJ+9F3USqfHqTaU5w=="
    },
    "json-stringify-safe": {
      "version": "5.0.1",
      "resolved": "https://registry.npmjs.org/json-stringify-safe/-/json-stringify-safe-5.0.1.tgz",
      "integrity": "sha1-Epai1Y/UXxmg9s4B1lcB4sc1tus="
    },
    "lodash": {
      "version": "4.17.11",
      "resolved": "https://registry.npmjs.org/lodash/-/lodash-4.17.11.tgz",
      "integrity": "sha512-cQKh8igo5QUhZ7lg38DYWAxMvjSAKG0A8wGSVimP07SIUEK2UO+arSRKbRZWtelMtN5V0Hkwh5ryOto/SshYIg=="
    },
    "ms": {
      "version": "2.0.0",
      "resolved": "https://registry.npmjs.org/ms/-/ms-2.0.0.tgz",
      "integrity": "sha1-VgiurfwAvmwpAd9fmGF4jeDVl8g="
    },
    "qs": {
      "version": "6.6.0",
      "resolved": "https://registry.npmjs.org/qs/-/qs-6.6.0.tgz",
      "integrity": "sha512-KIJqT9jQJDQx5h5uAVPimw6yVg2SekOKu959OCtktD3FjzbpvaPr8i4zzg07DOMz+igA4W/aNM7OV8H37pFYfA=="
    }
  }
}
